
Microsoft Visual Studio Solution File, Format Version 12.00
# Visual Studio Version 17
VisualStudioVersion = 17.12.35514.174
MinimumVisualStudioVersion = 10.0.40219.1
Project("{FAE04EC0-301F-11D3-BF4B-00C04F79EFBC}") = "Vanguard.Desktop", "Vanguard.Desktop\Vanguard.Desktop.csproj", "{2807A664-D72E-47E2-9BB6-3529C344E41E}"
EndProject
Project("{2150E333-8FDC-42A3-9474-1A3956D46DE8}") = "Solution Items", "Solution Items", "{BE038DA7-AB7E-4C98-8680-71007D92C5FF}"
	ProjectSection(SolutionItems) = preProject
		..\..\..\..\..\.editorconfig = ..\..\..\..\..\.editorconfig
	EndProjectSection
EndProject
Project("{FAE04EC0-301F-11D3-BF4B-00C04F79EFBC}") = "Vanguard.Web", "Vanguard.Web\Vanguard.Web.csproj", "{ED5E80A2-E968-49DE-9BEC-3E927E664FC6}"
EndProject
Project("{FAE04EC0-301F-11D3-BF4B-00C04F79EFBC}") = "IdentityBase", "IdentityBaseModel\IdentityBase\IdentityBase.csproj", "{839E46E9-ABF9-4CBF-8A42-908EFD4EFA7B}"
EndProject
Project("{FAE04EC0-301F-11D3-BF4B-00C04F79EFBC}") = "Vanguard.DataAccess", "Vanguard.DataAccess\Vanguard.DataAccess.csproj", "{717E34DB-65EC-4F5C-978E-86E1A5C4E669}"
EndProject
Global
	GlobalSection(SolutionConfigurationPlatforms) = preSolution
		Debug|ARM64 = Debug|ARM64
		Debug|x64 = Debug|x64
		Debug|x86 = Debug|x86
		Release|ARM64 = Release|ARM64
		Release|x64 = Release|x64
		Release|x86 = Release|x86
	EndGlobalSection
	GlobalSection(ProjectConfigurationPlatforms) = postSolution
		{2807A664-D72E-47E2-9BB6-3529C344E41E}.Debug|ARM64.ActiveCfg = Debug|ARM64
		{2807A664-D72E-47E2-9BB6-3529C344E41E}.Debug|ARM64.Build.0 = Debug|ARM64
		{2807A664-D72E-47E2-9BB6-3529C344E41E}.Debug|ARM64.Deploy.0 = Debug|ARM64
		{2807A664-D72E-47E2-9BB6-3529C344E41E}.Debug|x64.ActiveCfg = Debug|x64
		{2807A664-D72E-47E2-9BB6-3529C344E41E}.Debug|x64.Build.0 = Debug|x64
		{2807A664-D72E-47E2-9BB6-3529C344E41E}.Debug|x64.Deploy.0 = Debug|x64
		{2807A664-D72E-47E2-9BB6-3529C344E41E}.Debug|x86.ActiveCfg = Debug|x86
		{2807A664-D72E-47E2-9BB6-3529C344E41E}.Debug|x86.Build.0 = Debug|x86
		{2807A664-D72E-47E2-9BB6-3529C344E41E}.Debug|x86.Deploy.0 = Debug|x86
		{2807A664-D72E-47E2-9BB6-3529C344E41E}.Release|ARM64.ActiveCfg = Release|ARM64
		{2807A664-D72E-47E2-9BB6-3529C344E41E}.Release|ARM64.Build.0 = Release|ARM64
		{2807A664-D72E-47E2-9BB6-3529C344E41E}.Release|ARM64.Deploy.0 = Release|ARM64
		{2807A664-D72E-47E2-9BB6-3529C344E41E}.Release|x64.ActiveCfg = Release|x64
		{2807A664-D72E-47E2-9BB6-3529C344E41E}.Release|x64.Build.0 = Release|x64
		{2807A664-D72E-47E2-9BB6-3529C344E41E}.Release|x64.Deploy.0 = Release|x64
		{2807A664-D72E-47E2-9BB6-3529C344E41E}.Release|x86.ActiveCfg = Release|x86
		{2807A664-D72E-47E2-9BB6-3529C344E41E}.Release|x86.Build.0 = Release|x86
		{2807A664-D72E-47E2-9BB6-3529C344E41E}.Release|x86.Deploy.0 = Release|x86
		{ED5E80A2-E968-49DE-9BEC-3E927E664FC6}.Debug|ARM64.ActiveCfg = Debug|Any CPU
		{ED5E80A2-E968-49DE-9BEC-3E927E664FC6}.Debug|ARM64.Build.0 = Debug|Any CPU
		{ED5E80A2-E968-49DE-9BEC-3E927E664FC6}.Debug|x64.ActiveCfg = Debug|Any CPU
		{ED5E80A2-E968-49DE-9BEC-3E927E664FC6}.Debug|x64.Build.0 = Debug|Any CPU
		{ED5E80A2-E968-49DE-9BEC-3E927E664FC6}.Debug|x86.ActiveCfg = Debug|Any CPU
		{ED5E80A2-E968-49DE-9BEC-3E927E664FC6}.Debug|x86.Build.0 = Debug|Any CPU
		{ED5E80A2-E968-49DE-9BEC-3E927E664FC6}.Release|ARM64.ActiveCfg = Release|Any CPU
		{ED5E80A2-E968-49DE-9BEC-3E927E664FC6}.Release|ARM64.Build.0 = Release|Any CPU
		{ED5E80A2-E968-49DE-9BEC-3E927E664FC6}.Release|x64.ActiveCfg = Release|Any CPU
		{ED5E80A2-E968-49DE-9BEC-3E927E664FC6}.Release|x64.Build.0 = Release|Any CPU
		{ED5E80A2-E968-49DE-9BEC-3E927E664FC6}.Release|x86.ActiveCfg = Release|Any CPU
		{ED5E80A2-E968-49DE-9BEC-3E927E664FC6}.Release|x86.Build.0 = Release|Any CPU
		{839E46E9-ABF9-4CBF-8A42-908EFD4EFA7B}.Debug|ARM64.ActiveCfg = Debug|Any CPU
		{839E46E9-ABF9-4CBF-8A42-908EFD4EFA7B}.Debug|ARM64.Build.0 = Debug|Any CPU
		{839E46E9-ABF9-4CBF-8A42-908EFD4EFA7B}.Debug|x64.ActiveCfg = Debug|Any CPU
		{839E46E9-ABF9-4CBF-8A42-908EFD4EFA7B}.Debug|x64.Build.0 = Debug|Any CPU
		{839E46E9-ABF9-4CBF-8A42-908EFD4EFA7B}.Debug|x86.ActiveCfg = Debug|Any CPU
		{839E46E9-ABF9-4CBF-8A42-908EFD4EFA7B}.Debug|x86.Build.0 = Debug|Any CPU
		{839E46E9-ABF9-4CBF-8A42-908EFD4EFA7B}.Release|ARM64.ActiveCfg = Release|Any CPU
		{839E46E9-ABF9-4CBF-8A42-908EFD4EFA7B}.Release|ARM64.Build.0 = Release|Any CPU
		{839E46E9-ABF9-4CBF-8A42-908EFD4EFA7B}.Release|x64.ActiveCfg = Release|Any CPU
		{839E46E9-ABF9-4CBF-8A42-908EFD4EFA7B}.Release|x64.Build.0 = Release|Any CPU
		{839E46E9-ABF9-4CBF-8A42-908EFD4EFA7B}.Release|x86.ActiveCfg = Release|Any CPU
		{839E46E9-ABF9-4CBF-8A42-908EFD4EFA7B}.Release|x86.Build.0 = Release|Any CPU
		{717E34DB-65EC-4F5C-978E-86E1A5C4E669}.Debug|ARM64.ActiveCfg = Debug|Any CPU
		{717E34DB-65EC-4F5C-978E-86E1A5C4E669}.Debug|ARM64.Build.0 = Debug|Any CPU
		{717E34DB-65EC-4F5C-978E-86E1A5C4E669}.Debug|x64.ActiveCfg = Debug|Any CPU
		{717E34DB-65EC-4F5C-978E-86E1A5C4E669}.Debug|x64.Build.0 = Debug|Any CPU
		{717E34DB-65EC-4F5C-978E-86E1A5C4E669}.Debug|x86.ActiveCfg = Debug|Any CPU
		{717E34DB-65EC-4F5C-978E-86E1A5C4E669}.Debug|x86.Build.0 = Debug|Any CPU
		{717E34DB-65EC-4F5C-978E-86E1A5C4E669}.Release|ARM64.ActiveCfg = Release|Any CPU
		{717E34DB-65EC-4F5C-978E-86E1A5C4E669}.Release|ARM64.Build.0 = Release|Any CPU
		{717E34DB-65EC-4F5C-978E-86E1A5C4E669}.Release|x64.ActiveCfg = Release|Any CPU
		{717E34DB-65EC-4F5C-978E-86E1A5C4E669}.Release|x64.Build.0 = Release|Any CPU
		{717E34DB-65EC-4F5C-978E-86E1A5C4E669}.Release|x86.ActiveCfg = Release|Any CPU
		{717E34DB-65EC-4F5C-978E-86E1A5C4E669}.Release|x86.Build.0 = Release|Any CPU
	EndGlobalSection
	GlobalSection(SolutionProperties) = preSolution
		HideSolutionNode = FALSE
	EndGlobalSection
EndGlobal
