
Microsoft Visual Studio Solution File, Format Version 12.00
# Visual Studio Version 17
VisualStudioVersion = 17.11.35327.3
MinimumVisualStudioVersion = 10.0.40219.1
Project("{FAE04EC0-301F-11D3-BF4B-00C04F79EFBC}") = "Vanguard", "Vanguard\Vanguard.csproj", "{2B5CA07B-E56C-4469-8013-809966E696C8}"
EndProject
Project("{2150E333-8FDC-42A3-9474-1A3956D46DE8}") = "Solution Items", "Solution Items", "{A2797541-95FD-4A23-85E6-B907CA21904C}"
	ProjectSection(SolutionItems) = preProject
		.editorconfig = .editorconfig
	EndProjectSection
EndProject
Project("{FAE04EC0-301F-11D3-BF4B-00C04F79EFBC}") = "Vanguard.Web", "Vanguard.Web\Vanguard.Web.csproj", "{E287B4A0-FE34-46CE-BDD4-2B39C6591CE4}"
EndProject
Project("{FAE04EC0-301F-11D3-BF4B-00C04F79EFBC}") = "Vanguard.DataAccess", "Vanguard.DataAccess\Vanguard.DataAccess.csproj", "{F7D8EDB7-2828-4DEF-AEEC-2723C7F3BC19}"
EndProject
Global
	GlobalSection(SolutionConfigurationPlatforms) = preSolution
		Debug|Any CPU = Debug|Any CPU
		Debug|ARM64 = Debug|ARM64
		Debug|x64 = Debug|x64
		Debug|x86 = Debug|x86
		Release|Any CPU = Release|Any CPU
		Release|ARM64 = Release|ARM64
		Release|x64 = Release|x64
		Release|x86 = Release|x86
	EndGlobalSection
	GlobalSection(ProjectConfigurationPlatforms) = postSolution
		{2B5CA07B-E56C-4469-8013-809966E696C8}.Debug|Any CPU.ActiveCfg = Debug|x64
		{2B5CA07B-E56C-4469-8013-809966E696C8}.Debug|Any CPU.Build.0 = Debug|x64
		{2B5CA07B-E56C-4469-8013-809966E696C8}.Debug|ARM64.ActiveCfg = Debug|ARM64
		{2B5CA07B-E56C-4469-8013-809966E696C8}.Debug|ARM64.Build.0 = Debug|ARM64
		{2B5CA07B-E56C-4469-8013-809966E696C8}.Debug|ARM64.Deploy.0 = Debug|ARM64
		{2B5CA07B-E56C-4469-8013-809966E696C8}.Debug|x64.ActiveCfg = Debug|x64
		{2B5CA07B-E56C-4469-8013-809966E696C8}.Debug|x64.Build.0 = Debug|x64
		{2B5CA07B-E56C-4469-8013-809966E696C8}.Debug|x64.Deploy.0 = Debug|x64
		{2B5CA07B-E56C-4469-8013-809966E696C8}.Debug|x86.ActiveCfg = Debug|x86
		{2B5CA07B-E56C-4469-8013-809966E696C8}.Debug|x86.Build.0 = Debug|x86
		{2B5CA07B-E56C-4469-8013-809966E696C8}.Debug|x86.Deploy.0 = Debug|x86
		{2B5CA07B-E56C-4469-8013-809966E696C8}.Release|Any CPU.ActiveCfg = Release|x64
		{2B5CA07B-E56C-4469-8013-809966E696C8}.Release|Any CPU.Build.0 = Release|x64
		{2B5CA07B-E56C-4469-8013-809966E696C8}.Release|ARM64.ActiveCfg = Release|ARM64
		{2B5CA07B-E56C-4469-8013-809966E696C8}.Release|ARM64.Build.0 = Release|ARM64
		{2B5CA07B-E56C-4469-8013-809966E696C8}.Release|ARM64.Deploy.0 = Release|ARM64
		{2B5CA07B-E56C-4469-8013-809966E696C8}.Release|x64.ActiveCfg = Release|x64
		{2B5CA07B-E56C-4469-8013-809966E696C8}.Release|x64.Build.0 = Release|x64
		{2B5CA07B-E56C-4469-8013-809966E696C8}.Release|x64.Deploy.0 = Release|x64
		{2B5CA07B-E56C-4469-8013-809966E696C8}.Release|x86.ActiveCfg = Release|x86
		{2B5CA07B-E56C-4469-8013-809966E696C8}.Release|x86.Build.0 = Release|x86
		{2B5CA07B-E56C-4469-8013-809966E696C8}.Release|x86.Deploy.0 = Release|x86
		{E287B4A0-FE34-46CE-BDD4-2B39C6591CE4}.Debug|Any CPU.ActiveCfg = Debug|Any CPU
		{E287B4A0-FE34-46CE-BDD4-2B39C6591CE4}.Debug|Any CPU.Build.0 = Debug|Any CPU
		{E287B4A0-FE34-46CE-BDD4-2B39C6591CE4}.Debug|ARM64.ActiveCfg = Debug|Any CPU
		{E287B4A0-FE34-46CE-BDD4-2B39C6591CE4}.Debug|ARM64.Build.0 = Debug|Any CPU
		{E287B4A0-FE34-46CE-BDD4-2B39C6591CE4}.Debug|x64.ActiveCfg = Debug|Any CPU
		{E287B4A0-FE34-46CE-BDD4-2B39C6591CE4}.Debug|x64.Build.0 = Debug|Any CPU
		{E287B4A0-FE34-46CE-BDD4-2B39C6591CE4}.Debug|x86.ActiveCfg = Debug|Any CPU
		{E287B4A0-FE34-46CE-BDD4-2B39C6591CE4}.Debug|x86.Build.0 = Debug|Any CPU
		{E287B4A0-FE34-46CE-BDD4-2B39C6591CE4}.Release|Any CPU.ActiveCfg = Release|Any CPU
		{E287B4A0-FE34-46CE-BDD4-2B39C6591CE4}.Release|Any CPU.Build.0 = Release|Any CPU
		{E287B4A0-FE34-46CE-BDD4-2B39C6591CE4}.Release|ARM64.ActiveCfg = Release|Any CPU
		{E287B4A0-FE34-46CE-BDD4-2B39C6591CE4}.Release|ARM64.Build.0 = Release|Any CPU
		{E287B4A0-FE34-46CE-BDD4-2B39C6591CE4}.Release|x64.ActiveCfg = Release|Any CPU
		{E287B4A0-FE34-46CE-BDD4-2B39C6591CE4}.Release|x64.Build.0 = Release|Any CPU
		{E287B4A0-FE34-46CE-BDD4-2B39C6591CE4}.Release|x86.ActiveCfg = Release|Any CPU
		{E287B4A0-FE34-46CE-BDD4-2B39C6591CE4}.Release|x86.Build.0 = Release|Any CPU
		{F7D8EDB7-2828-4DEF-AEEC-2723C7F3BC19}.Debug|Any CPU.ActiveCfg = Debug|Any CPU
		{F7D8EDB7-2828-4DEF-AEEC-2723C7F3BC19}.Debug|Any CPU.Build.0 = Debug|Any CPU
		{F7D8EDB7-2828-4DEF-AEEC-2723C7F3BC19}.Debug|ARM64.ActiveCfg = Debug|Any CPU
		{F7D8EDB7-2828-4DEF-AEEC-2723C7F3BC19}.Debug|ARM64.Build.0 = Debug|Any CPU
		{F7D8EDB7-2828-4DEF-AEEC-2723C7F3BC19}.Debug|x64.ActiveCfg = Debug|Any CPU
		{F7D8EDB7-2828-4DEF-AEEC-2723C7F3BC19}.Debug|x64.Build.0 = Debug|Any CPU
		{F7D8EDB7-2828-4DEF-AEEC-2723C7F3BC19}.Debug|x86.ActiveCfg = Debug|Any CPU
		{F7D8EDB7-2828-4DEF-AEEC-2723C7F3BC19}.Debug|x86.Build.0 = Debug|Any CPU
		{F7D8EDB7-2828-4DEF-AEEC-2723C7F3BC19}.Release|Any CPU.ActiveCfg = Release|Any CPU
		{F7D8EDB7-2828-4DEF-AEEC-2723C7F3BC19}.Release|Any CPU.Build.0 = Release|Any CPU
		{F7D8EDB7-2828-4DEF-AEEC-2723C7F3BC19}.Release|ARM64.ActiveCfg = Release|Any CPU
		{F7D8EDB7-2828-4DEF-AEEC-2723C7F3BC19}.Release|ARM64.Build.0 = Release|Any CPU
		{F7D8EDB7-2828-4DEF-AEEC-2723C7F3BC19}.Release|x64.ActiveCfg = Release|Any CPU
		{F7D8EDB7-2828-4DEF-AEEC-2723C7F3BC19}.Release|x64.Build.0 = Release|Any CPU
		{F7D8EDB7-2828-4DEF-AEEC-2723C7F3BC19}.Release|x86.ActiveCfg = Release|Any CPU
		{F7D8EDB7-2828-4DEF-AEEC-2723C7F3BC19}.Release|x86.Build.0 = Release|Any CPU
	EndGlobalSection
	GlobalSection(SolutionProperties) = preSolution
		HideSolutionNode = FALSE
	EndGlobalSection
	GlobalSection(ExtensibilityGlobals) = postSolution
		SolutionGuid = {47B7A0D4-E24C-4B77-8E91-17D331477231}
	EndGlobalSection
EndGlobal
